
Microsoft Visual Studio Solution File, Format Version 12.00
# Visual Studio Version 17
VisualStudioVersion = 17.11.35431.28
MinimumVisualStudioVersion = 10.0.40219.1
Project("{FAE04EC0-301F-11D3-BF4B-00C04F79EFBC}") = "growshiUI", "growshiUI.csproj", "{1DC17DD0-B699-4C39-80AC-EA6E18C2750F}"
EndProject
Project("{FAE04EC0-301F-11D3-BF4B-00C04F79EFBC}") = "BE", "..\BE\BE.csproj", "{1129D7ED-E310-4BCA-9B07-85159ED2308A}"
EndProject
Project("{FAE04EC0-301F-11D3-BF4B-00C04F79EFBC}") = "BLL", "..\BLL\BLL.csproj", "{E2557642-39CC-4203-99B5-2D924EB0AC20}"
EndProject
Project("{FAE04EC0-301F-11D3-BF4B-00C04F79EFBC}") = "Services", "..\Services\Services.csproj", "{93CE5121-B58C-4874-BEE5-59315EEDBC17}"
EndProject
Project("{FAE04EC0-301F-11D3-BF4B-00C04F79EFBC}") = "Interfaces", "..\Interfaces\Interfaces.csproj", "{899012E8-79F6-498B-BE42-A2F3653EF64B}"
EndProject
Project("{FAE04EC0-301F-11D3-BF4B-00C04F79EFBC}") = "DAL", "..\DAL\DAL.csproj", "{61B86F09-5EEE-40DE-BFA8-401A670B4D68}"
EndProject
Global
	GlobalSection(SolutionConfigurationPlatforms) = preSolution
		Debug|Any CPU = Debug|Any CPU
		Debug|x64 = Debug|x64
		Release|Any CPU = Release|Any CPU
		Release|x64 = Release|x64
	EndGlobalSection
	GlobalSection(ProjectConfigurationPlatforms) = postSolution
		{1DC17DD0-B699-4C39-80AC-EA6E18C2750F}.Debug|Any CPU.ActiveCfg = Debug|Any CPU
		{1DC17DD0-B699-4C39-80AC-EA6E18C2750F}.Debug|Any CPU.Build.0 = Debug|Any CPU
		{1DC17DD0-B699-4C39-80AC-EA6E18C2750F}.Debug|x64.ActiveCfg = Debug|x64
		{1DC17DD0-B699-4C39-80AC-EA6E18C2750F}.Debug|x64.Build.0 = Debug|x64
		{1DC17DD0-B699-4C39-80AC-EA6E18C2750F}.Release|Any CPU.ActiveCfg = Release|Any CPU
		{1DC17DD0-B699-4C39-80AC-EA6E18C2750F}.Release|Any CPU.Build.0 = Release|Any CPU
		{1DC17DD0-B699-4C39-80AC-EA6E18C2750F}.Release|x64.ActiveCfg = Release|x64
		{1DC17DD0-B699-4C39-80AC-EA6E18C2750F}.Release|x64.Build.0 = Release|x64
		{1129D7ED-E310-4BCA-9B07-85159ED2308A}.Debug|Any CPU.ActiveCfg = Debug|Any CPU
		{1129D7ED-E310-4BCA-9B07-85159ED2308A}.Debug|Any CPU.Build.0 = Debug|Any CPU
		{1129D7ED-E310-4BCA-9B07-85159ED2308A}.Debug|x64.ActiveCfg = Debug|x64
		{1129D7ED-E310-4BCA-9B07-85159ED2308A}.Debug|x64.Build.0 = Debug|x64
		{1129D7ED-E310-4BCA-9B07-85159ED2308A}.Release|Any CPU.ActiveCfg = Release|Any CPU
		{1129D7ED-E310-4BCA-9B07-85159ED2308A}.Release|Any CPU.Build.0 = Release|Any CPU
		{1129D7ED-E310-4BCA-9B07-85159ED2308A}.Release|x64.ActiveCfg = Release|x64
		{1129D7ED-E310-4BCA-9B07-85159ED2308A}.Release|x64.Build.0 = Release|x64
		{E2557642-39CC-4203-99B5-2D924EB0AC20}.Debug|Any CPU.ActiveCfg = Debug|Any CPU
		{E2557642-39CC-4203-99B5-2D924EB0AC20}.Debug|Any CPU.Build.0 = Debug|Any CPU
		{E2557642-39CC-4203-99B5-2D924EB0AC20}.Debug|x64.ActiveCfg = Debug|x64
		{E2557642-39CC-4203-99B5-2D924EB0AC20}.Debug|x64.Build.0 = Debug|x64
		{E2557642-39CC-4203-99B5-2D924EB0AC20}.Release|Any CPU.ActiveCfg = Release|Any CPU
		{E2557642-39CC-4203-99B5-2D924EB0AC20}.Release|Any CPU.Build.0 = Release|Any CPU
		{E2557642-39CC-4203-99B5-2D924EB0AC20}.Release|x64.ActiveCfg = Release|x64
		{E2557642-39CC-4203-99B5-2D924EB0AC20}.Release|x64.Build.0 = Release|x64
		{93CE5121-B58C-4874-BEE5-59315EEDBC17}.Debug|Any CPU.ActiveCfg = Debug|Any CPU
		{93CE5121-B58C-4874-BEE5-59315EEDBC17}.Debug|Any CPU.Build.0 = Debug|Any CPU
		{93CE5121-B58C-4874-BEE5-59315EEDBC17}.Debug|x64.ActiveCfg = Debug|x64
		{93CE5121-B58C-4874-BEE5-59315EEDBC17}.Debug|x64.Build.0 = Debug|x64
		{93CE5121-B58C-4874-BEE5-59315EEDBC17}.Release|Any CPU.ActiveCfg = Release|Any CPU
		{93CE5121-B58C-4874-BEE5-59315EEDBC17}.Release|Any CPU.Build.0 = Release|Any CPU
		{93CE5121-B58C-4874-BEE5-59315EEDBC17}.Release|x64.ActiveCfg = Release|x64
		{93CE5121-B58C-4874-BEE5-59315EEDBC17}.Release|x64.Build.0 = Release|x64
		{899012E8-79F6-498B-BE42-A2F3653EF64B}.Debug|Any CPU.ActiveCfg = Debug|Any CPU
		{899012E8-79F6-498B-BE42-A2F3653EF64B}.Debug|Any CPU.Build.0 = Debug|Any CPU
		{899012E8-79F6-498B-BE42-A2F3653EF64B}.Debug|x64.ActiveCfg = Debug|x64
		{899012E8-79F6-498B-BE42-A2F3653EF64B}.Debug|x64.Build.0 = Debug|x64
		{899012E8-79F6-498B-BE42-A2F3653EF64B}.Release|Any CPU.ActiveCfg = Release|Any CPU
		{899012E8-79F6-498B-BE42-A2F3653EF64B}.Release|Any CPU.Build.0 = Release|Any CPU
		{899012E8-79F6-498B-BE42-A2F3653EF64B}.Release|x64.ActiveCfg = Release|x64
		{899012E8-79F6-498B-BE42-A2F3653EF64B}.Release|x64.Build.0 = Release|x64
		{61B86F09-5EEE-40DE-BFA8-401A670B4D68}.Debug|Any CPU.ActiveCfg = Debug|Any CPU
		{61B86F09-5EEE-40DE-BFA8-401A670B4D68}.Debug|Any CPU.Build.0 = Debug|Any CPU
		{61B86F09-5EEE-40DE-BFA8-401A670B4D68}.Debug|x64.ActiveCfg = Debug|x64
		{61B86F09-5EEE-40DE-BFA8-401A670B4D68}.Debug|x64.Build.0 = Debug|x64
		{61B86F09-5EEE-40DE-BFA8-401A670B4D68}.Release|Any CPU.ActiveCfg = Release|Any CPU
		{61B86F09-5EEE-40DE-BFA8-401A670B4D68}.Release|Any CPU.Build.0 = Release|Any CPU
		{61B86F09-5EEE-40DE-BFA8-401A670B4D68}.Release|x64.ActiveCfg = Release|x64
		{61B86F09-5EEE-40DE-BFA8-401A670B4D68}.Release|x64.Build.0 = Release|x64
	EndGlobalSection
	GlobalSection(SolutionProperties) = preSolution
		HideSolutionNode = FALSE
	EndGlobalSection
	GlobalSection(ExtensibilityGlobals) = postSolution
		SolutionGuid = {5AB5E335-159B-4310-A793-7CAD60B1FFA1}
	EndGlobalSection
EndGlobal
