
Microsoft Visual Studio Solution File, Format Version 12.00
# Visual Studio Version 17
VisualStudioVersion = 17.11.35431.28
MinimumVisualStudioVersion = 10.0.40219.1
Project("{FAE04EC0-301F-11D3-BF4B-00C04F79EFBC}") = "growshiUI", "growshiUI.csproj", "{1DC17DD0-B699-4C39-80AC-EA6E18C2750F}"
EndProject
Global
	GlobalSection(SolutionConfigurationPlatforms) = preSolution
		Debug|Any CPU = Debug|Any CPU
		Release|Any CPU = Release|Any CPU
	EndGlobalSection
	GlobalSection(ProjectConfigurationPlatforms) = postSolution
		{1DC17DD0-B699-4C39-80AC-EA6E18C2750F}.Debug|Any CPU.ActiveCfg = Debug|Any CPU
		{1DC17DD0-B699-4C39-80AC-EA6E18C2750F}.Debug|Any CPU.Build.0 = Debug|Any CPU
		{1DC17DD0-B699-4C39-80AC-EA6E18C2750F}.Release|Any CPU.ActiveCfg = Release|Any CPU
		{1DC17DD0-B699-4C39-80AC-EA6E18C2750F}.Release|Any CPU.Build.0 = Release|Any CPU
	EndGlobalSection
	GlobalSection(SolutionProperties) = preSolution
		HideSolutionNode = FALSE
	EndGlobalSection
	GlobalSection(ExtensibilityGlobals) = postSolution
		SolutionGuid = {5AB5E335-159B-4310-A793-7CAD60B1FFA1}
	EndGlobalSection
EndGlobal
